// !$*UTF8*$!
{
	archiveVersion = 1;
	classes = {
	};
	objectVersion = 48;
	objects = {

/* Begin PBXBuildFile section */
		542A81321FD5A2A20097220E /* RGBAImage.swift in Sources */ = {isa = PBXBuildFile; fileRef = 542A81311FD5A2A20097220E /* RGBAImage.swift */; };
		542A81341FD5A7A50097220E /* ImageProcess.swift in Sources */ = {isa = PBXBuildFile; fileRef = 542A81331FD5A7A50097220E /* ImageProcess.swift */; };
		542A81361FD5A7C60097220E /* ByteImage.swift in Sources */ = {isa = PBXBuildFile; fileRef = 542A81351FD5A7C60097220E /* ByteImage.swift */; };
		5458D9BF1FC3348C00810794 /* CustomFilter.swift in Sources */ = {isa = PBXBuildFile; fileRef = 5458D9BE1FC3348C00810794 /* CustomFilter.swift */; };
		547501101FA63F7600D16ED1 /* AppDelegate.swift in Sources */ = {isa = PBXBuildFile; fileRef = 5475010F1FA63F7600D16ED1 /* AppDelegate.swift */; };
		547501121FA63F7600D16ED1 /* ViewController.swift in Sources */ = {isa = PBXBuildFile; fileRef = 547501111FA63F7600D16ED1 /* ViewController.swift */; };
		547501151FA63F7600D16ED1 /* Main.storyboard in Resources */ = {isa = PBXBuildFile; fileRef = 547501131FA63F7600D16ED1 /* Main.storyboard */; };
		547501171FA63F7600D16ED1 /* Assets.xcassets in Resources */ = {isa = PBXBuildFile; fileRef = 547501161FA63F7600D16ED1 /* Assets.xcassets */; };
		5475011A1FA63F7600D16ED1 /* LaunchScreen.storyboard in Resources */ = {isa = PBXBuildFile; fileRef = 547501181FA63F7600D16ED1 /* LaunchScreen.storyboard */; };
		54A0FFAC1FC58B6400AA5B43 /* ColourBlindHelper.swift in Sources */ = {isa = PBXBuildFile; fileRef = 54A0FFAB1FC58B6400AA5B43 /* ColourBlindHelper.swift */; };
		54AC04C91FBB5F39000C0B35 /* OptionLauncher.swift in Sources */ = {isa = PBXBuildFile; fileRef = 54AC04C81FBB5F39000C0B35 /* OptionLauncher.swift */; };
		54BD624D1FBB7B13003B0EAE /* Extensions.swift in Sources */ = {isa = PBXBuildFile; fileRef = 54BD624C1FBB7B13003B0EAE /* Extensions.swift */; };
		54DFF0521FBB776E00FE7E9D /* OptionCell.swift in Sources */ = {isa = PBXBuildFile; fileRef = 54DFF0511FBB776E00FE7E9D /* OptionCell.swift */; };
/* End PBXBuildFile section */

/* Begin PBXFileReference section */
		542A81311FD5A2A20097220E /* RGBAImage.swift */ = {isa = PBXFileReference; lastKnownFileType = sourcecode.swift; path = RGBAImage.swift; sourceTree = "<group>"; };
		542A81331FD5A7A50097220E /* ImageProcess.swift */ = {isa = PBXFileReference; lastKnownFileType = sourcecode.swift; path = ImageProcess.swift; sourceTree = "<group>"; };
		542A81351FD5A7C60097220E /* ByteImage.swift */ = {isa = PBXFileReference; lastKnownFileType = sourcecode.swift; path = ByteImage.swift; sourceTree = "<group>"; };
		5458D9BE1FC3348C00810794 /* CustomFilter.swift */ = {isa = PBXFileReference; lastKnownFileType = sourcecode.swift; path = CustomFilter.swift; sourceTree = "<group>"; };
		5475010C1FA63F7600D16ED1 /* CameraFilter.app */ = {isa = PBXFileReference; explicitFileType = wrapper.application; includeInIndex = 0; path = CameraFilter.app; sourceTree = BUILT_PRODUCTS_DIR; };
		5475010F1FA63F7600D16ED1 /* AppDelegate.swift */ = {isa = PBXFileReference; lastKnownFileType = sourcecode.swift; path = AppDelegate.swift; sourceTree = "<group>"; };
		547501111FA63F7600D16ED1 /* ViewController.swift */ = {isa = PBXFileReference; lastKnownFileType = sourcecode.swift; path = ViewController.swift; sourceTree = "<group>"; };
		547501141FA63F7600D16ED1 /* Base */ = {isa = PBXFileReference; lastKnownFileType = file.storyboard; name = Base; path = Base.lproj/Main.storyboard; sourceTree = "<group>"; };
		547501161FA63F7600D16ED1 /* Assets.xcassets */ = {isa = PBXFileReference; lastKnownFileType = folder.assetcatalog; path = Assets.xcassets; sourceTree = "<group>"; };
		547501191FA63F7600D16ED1 /* Base */ = {isa = PBXFileReference; lastKnownFileType = file.storyboard; name = Base; path = Base.lproj/LaunchScreen.storyboard; sourceTree = "<group>"; };
		5475011B1FA63F7600D16ED1 /* Info.plist */ = {isa = PBXFileReference; lastKnownFileType = text.plist.xml; path = Info.plist; sourceTree = "<group>"; };
		54A0FFAB1FC58B6400AA5B43 /* ColourBlindHelper.swift */ = {isa = PBXFileReference; lastKnownFileType = sourcecode.swift; path = ColourBlindHelper.swift; sourceTree = "<group>"; };
		54AC04C81FBB5F39000C0B35 /* OptionLauncher.swift */ = {isa = PBXFileReference; lastKnownFileType = sourcecode.swift; path = OptionLauncher.swift; sourceTree = "<group>"; };
		54BD624C1FBB7B13003B0EAE /* Extensions.swift */ = {isa = PBXFileReference; lastKnownFileType = sourcecode.swift; path = Extensions.swift; sourceTree = "<group>"; };
		54DFF0511FBB776E00FE7E9D /* OptionCell.swift */ = {isa = PBXFileReference; lastKnownFileType = sourcecode.swift; path = OptionCell.swift; sourceTree = "<group>"; };
/* End PBXFileReference section */

/* Begin PBXFrameworksBuildPhase section */
		547501091FA63F7600D16ED1 /* Frameworks */ = {
			isa = PBXFrameworksBuildPhase;
			buildActionMask = 2147483647;
			files = (
			);
			runOnlyForDeploymentPostprocessing = 0;
		};
/* End PBXFrameworksBuildPhase section */

/* Begin PBXGroup section */
		545CACD91FD5B5970005854E /* ImageProcessingHelpers */ = {
			isa = PBXGroup;
			children = (
				54BD624C1FBB7B13003B0EAE /* Extensions.swift */,
				5458D9BE1FC3348C00810794 /* CustomFilter.swift */,
				542A81331FD5A7A50097220E /* ImageProcess.swift */,
				542A81351FD5A7C60097220E /* ByteImage.swift */,
				54A0FFAB1FC58B6400AA5B43 /* ColourBlindHelper.swift */,
				542A81311FD5A2A20097220E /* RGBAImage.swift */,
			);
			path = ImageProcessingHelpers;
			sourceTree = "<group>";
		};
		547501031FA63F7600D16ED1 = {
			isa = PBXGroup;
			children = (
				5475010E1FA63F7600D16ED1 /* CameraFilter */,
				5475010D1FA63F7600D16ED1 /* Products */,
			);
			sourceTree = "<group>";
		};
		5475010D1FA63F7600D16ED1 /* Products */ = {
			isa = PBXGroup;
			children = (
				5475010C1FA63F7600D16ED1 /* CameraFilter.app */,
			);
			name = Products;
			sourceTree = "<group>";
		};
		5475010E1FA63F7600D16ED1 /* CameraFilter */ = {
			isa = PBXGroup;
			children = (
				5475010F1FA63F7600D16ED1 /* AppDelegate.swift */,
				547501111FA63F7600D16ED1 /* ViewController.swift */,
				54AC04C81FBB5F39000C0B35 /* OptionLauncher.swift */,
				547501131FA63F7600D16ED1 /* Main.storyboard */,
				547501161FA63F7600D16ED1 /* Assets.xcassets */,
				547501181FA63F7600D16ED1 /* LaunchScreen.storyboard */,
				5475011B1FA63F7600D16ED1 /* Info.plist */,
				54DFF0511FBB776E00FE7E9D /* OptionCell.swift */,
				545CACD91FD5B5970005854E /* ImageProcessingHelpers */,
			);
			path = CameraFilter;
			sourceTree = "<group>";
		};
/* End PBXGroup section */

/* Begin PBXNativeTarget section */
		5475010B1FA63F7600D16ED1 /* CameraFilter */ = {
			isa = PBXNativeTarget;
			buildConfigurationList = 5475011E1FA63F7600D16ED1 /* Build configuration list for PBXNativeTarget "CameraFilter" */;
			buildPhases = (
				547501081FA63F7600D16ED1 /* Sources */,
				547501091FA63F7600D16ED1 /* Frameworks */,
				5475010A1FA63F7600D16ED1 /* Resources */,
			);
			buildRules = (
			);
			dependencies = (
			);
			name = CameraFilter;
			productName = CameraFilter;
			productReference = 5475010C1FA63F7600D16ED1 /* CameraFilter.app */;
			productType = "com.apple.product-type.application";
		};
/* End PBXNativeTarget section */

/* Begin PBXProject section */
		547501041FA63F7600D16ED1 /* Project object */ = {
			isa = PBXProject;
			attributes = {
				LastSwiftUpdateCheck = 0910;
				LastUpgradeCheck = 0910;
				ORGANIZATIONNAME = "Vitaliy Krynytskyy";
				TargetAttributes = {
					5475010B1FA63F7600D16ED1 = {
						CreatedOnToolsVersion = 9.1;
						ProvisioningStyle = Automatic;
					};
				};
			};
			buildConfigurationList = 547501071FA63F7600D16ED1 /* Build configuration list for PBXProject "CameraFilter" */;
			compatibilityVersion = "Xcode 8.0";
			developmentRegion = en;
			hasScannedForEncodings = 0;
			knownRegions = (
				en,
				Base,
			);
			mainGroup = 547501031FA63F7600D16ED1;
			productRefGroup = 5475010D1FA63F7600D16ED1 /* Products */;
			projectDirPath = "";
			projectRoot = "";
			targets = (
				5475010B1FA63F7600D16ED1 /* CameraFilter */,
			);
		};
/* End PBXProject section */

/* Begin PBXResourcesBuildPhase section */
		5475010A1FA63F7600D16ED1 /* Resources */ = {
			isa = PBXResourcesBuildPhase;
			buildActionMask = 2147483647;
			files = (
				5475011A1FA63F7600D16ED1 /* LaunchScreen.storyboard in Resources */,
				547501171FA63F7600D16ED1 /* Assets.xcassets in Resources */,
				547501151FA63F7600D16ED1 /* Main.storyboard in Resources */,
			);
			runOnlyForDeploymentPostprocessing = 0;
		};
/* End PBXResourcesBuildPhase section */

/* Begin PBXSourcesBuildPhase section */
		547501081FA63F7600D16ED1 /* Sources */ = {
			isa = PBXSourcesBuildPhase;
			buildActionMask = 2147483647;
			files = (
				542A81341FD5A7A50097220E /* ImageProcess.swift in Sources */,
				54A0FFAC1FC58B6400AA5B43 /* ColourBlindHelper.swift in Sources */,
				542A81321FD5A2A20097220E /* RGBAImage.swift in Sources */,
				547501121FA63F7600D16ED1 /* ViewController.swift in Sources */,
				547501101FA63F7600D16ED1 /* AppDelegate.swift in Sources */,
				542A81361FD5A7C60097220E /* ByteImage.swift in Sources */,
				54BD624D1FBB7B13003B0EAE /* Extensions.swift in Sources */,
				54AC04C91FBB5F39000C0B35 /* OptionLauncher.swift in Sources */,
				5458D9BF1FC3348C00810794 /* CustomFilter.swift in Sources */,
				54DFF0521FBB776E00FE7E9D /* OptionCell.swift in Sources */,
			);
			runOnlyForDeploymentPostprocessing = 0;
		};
/* End PBXSourcesBuildPhase section */

/* Begin PBXVariantGroup section */
		547501131FA63F7600D16ED1 /* Main.storyboard */ = {
			isa = PBXVariantGroup;
			children = (
				547501141FA63F7600D16ED1 /* Base */,
			);
			name = Main.storyboard;
			sourceTree = "<group>";
		};
		547501181FA63F7600D16ED1 /* LaunchScreen.storyboard */ = {
			isa = PBXVariantGroup;
			children = (
				547501191FA63F7600D16ED1 /* Base */,
			);
			name = LaunchScreen.storyboard;
			sourceTree = "<group>";
		};
/* End PBXVariantGroup section */

/* Begin XCBuildConfiguration section */
		5475011C1FA63F7600D16ED1 /* Debug */ = {
			isa = XCBuildConfiguration;
			buildSettings = {
				ALWAYS_SEARCH_USER_PATHS = NO;
				CLANG_ANALYZER_NONNULL = YES;
				CLANG_ANALYZER_NUMBER_OBJECT_CONVERSION = YES_AGGRESSIVE;
				CLANG_CXX_LANGUAGE_STANDARD = "gnu++14";
				CLANG_CXX_LIBRARY = "libc++";
				CLANG_ENABLE_MODULES = YES;
				CLANG_ENABLE_OBJC_ARC = YES;
				CLANG_WARN_BLOCK_CAPTURE_AUTORELEASING = YES;
				CLANG_WARN_BOOL_CONVERSION = YES;
				CLANG_WARN_COMMA = YES;
				CLANG_WARN_CONSTANT_CONVERSION = YES;
				CLANG_WARN_DIRECT_OBJC_ISA_USAGE = YES_ERROR;
				CLANG_WARN_DOCUMENTATION_COMMENTS = YES;
				CLANG_WARN_EMPTY_BODY = YES;
				CLANG_WARN_ENUM_CONVERSION = YES;
				CLANG_WARN_INFINITE_RECURSION = YES;
				CLANG_WARN_INT_CONVERSION = YES;
				CLANG_WARN_NON_LITERAL_NULL_CONVERSION = YES;
				CLANG_WARN_OBJC_LITERAL_CONVERSION = YES;
				CLANG_WARN_OBJC_ROOT_CLASS = YES_ERROR;
				CLANG_WARN_RANGE_LOOP_ANALYSIS = YES;
				CLANG_WARN_STRICT_PROTOTYPES = YES;
				CLANG_WARN_SUSPICIOUS_MOVE = YES;
				CLANG_WARN_UNGUARDED_AVAILABILITY = YES_AGGRESSIVE;
				CLANG_WARN_UNREACHABLE_CODE = YES;
				CLANG_WARN__DUPLICATE_METHOD_MATCH = YES;
				CODE_SIGN_IDENTITY = "iPhone Developer";
				COPY_PHASE_STRIP = NO;
				DEBUG_INFORMATION_FORMAT = dwarf;
				ENABLE_STRICT_OBJC_MSGSEND = YES;
				ENABLE_TESTABILITY = YES;
				GCC_C_LANGUAGE_STANDARD = gnu11;
				GCC_DYNAMIC_NO_PIC = NO;
				GCC_NO_COMMON_BLOCKS = YES;
				GCC_OPTIMIZATION_LEVEL = 0;
				GCC_PREPROCESSOR_DEFINITIONS = (
					"DEBUG=1",
					"$(inherited)",
				);
				GCC_WARN_64_TO_32_BIT_CONVERSION = YES;
				GCC_WARN_ABOUT_RETURN_TYPE = YES_ERROR;
				GCC_WARN_UNDECLARED_SELECTOR = YES;
				GCC_WARN_UNINITIALIZED_AUTOS = YES_AGGRESSIVE;
				GCC_WARN_UNUSED_FUNCTION = YES;
				GCC_WARN_UNUSED_VARIABLE = YES;
				IPHONEOS_DEPLOYMENT_TARGET = 11.1;
				MTL_ENABLE_DEBUG_INFO = YES;
				ONLY_ACTIVE_ARCH = YES;
				SDKROOT = iphoneos;
				SWIFT_ACTIVE_COMPILATION_CONDITIONS = DEBUG;
				SWIFT_OPTIMIZATION_LEVEL = "-Onone";
			};
			name = Debug;
		};
		5475011D1FA63F7600D16ED1 /* Release */ = {
			isa = XCBuildConfiguration;
			buildSettings = {
				ALWAYS_SEARCH_USER_PATHS = NO;
				CLANG_ANALYZER_NONNULL = YES;
				CLANG_ANALYZER_NUMBER_OBJECT_CONVERSION = YES_AGGRESSIVE;
				CLANG_CXX_LANGUAGE_STANDARD = "gnu++14";
				CLANG_CXX_LIBRARY = "libc++";
				CLANG_ENABLE_MODULES = YES;
				CLANG_ENABLE_OBJC_ARC = YES;
				CLANG_WARN_BLOCK_CAPTURE_AUTORELEASING = YES;
				CLANG_WARN_BOOL_CONVERSION = YES;
				CLANG_WARN_COMMA = YES;
				CLANG_WARN_CONSTANT_CONVERSION = YES;
				CLANG_WARN_DIRECT_OBJC_ISA_USAGE = YES_ERROR;
				CLANG_WARN_DOCUMENTATION_COMMENTS = YES;
				CLANG_WARN_EMPTY_BODY = YES;
				CLANG_WARN_ENUM_CONVERSION = YES;
				CLANG_WARN_INFINITE_RECURSION = YES;
				CLANG_WARN_INT_CONVERSION = YES;
				CLANG_WARN_NON_LITERAL_NULL_CONVERSION = YES;
				CLANG_WARN_OBJC_LITERAL_CONVERSION = YES;
				CLANG_WARN_OBJC_ROOT_CLASS = YES_ERROR;
				CLANG_WARN_RANGE_LOOP_ANALYSIS = YES;
				CLANG_WARN_STRICT_PROTOTYPES = YES;
				CLANG_WARN_SUSPICIOUS_MOVE = YES;
				CLANG_WARN_UNGUARDED_AVAILABILITY = YES_AGGRESSIVE;
				CLANG_WARN_UNREACHABLE_CODE = YES;
				CLANG_WARN__DUPLICATE_METHOD_MATCH = YES;
				CODE_SIGN_IDENTITY = "iPhone Developer";
				COPY_PHASE_STRIP = NO;
				DEBUG_INFORMATION_FORMAT = "dwarf-with-dsym";
				ENABLE_NS_ASSERTIONS = NO;
				ENABLE_STRICT_OBJC_MSGSEND = YES;
				GCC_C_LANGUAGE_STANDARD = gnu11;
				GCC_NO_COMMON_BLOCKS = YES;
				GCC_WARN_64_TO_32_BIT_CONVERSION = YES;
				GCC_WARN_ABOUT_RETURN_TYPE = YES_ERROR;
				GCC_WARN_UNDECLARED_SELECTOR = YES;
				GCC_WARN_UNINITIALIZED_AUTOS = YES_AGGRESSIVE;
				GCC_WARN_UNUSED_FUNCTION = YES;
				GCC_WARN_UNUSED_VARIABLE = YES;
				IPHONEOS_DEPLOYMENT_TARGET = 11.1;
				MTL_ENABLE_DEBUG_INFO = NO;
				SDKROOT = iphoneos;
				SWIFT_OPTIMIZATION_LEVEL = "-Owholemodule";
				VALIDATE_PRODUCT = YES;
			};
			name = Release;
		};
		5475011F1FA63F7600D16ED1 /* Debug */ = {
			isa = XCBuildConfiguration;
			buildSettings = {
				ASSETCATALOG_COMPILER_APPICON_NAME = AppIcon;
				CODE_SIGN_STYLE = Automatic;
				DEVELOPMENT_TEAM = GUUT9QSKM3;
				INFOPLIST_FILE = CameraFilter/Info.plist;
				LD_RUNPATH_SEARCH_PATHS = "$(inherited) @executable_path/Frameworks";
				MTL_ENABLE_DEBUG_INFO = YES;
				PRODUCT_BUNDLE_IDENTIFIER = com.vitaliy.CameraFilter;
				PRODUCT_NAME = "$(TARGET_NAME)";
				SWIFT_VERSION = 4.0;
				TARGETED_DEVICE_FAMILY = "1,2";
			};
			name = Debug;
		};
		547501201FA63F7600D16ED1 /* Release */ = {
			isa = XCBuildConfiguration;
			buildSettings = {
				ASSETCATALOG_COMPILER_APPICON_NAME = AppIcon;
				CODE_SIGN_STYLE = Automatic;
				DEVELOPMENT_TEAM = GUUT9QSKM3;
				INFOPLIST_FILE = CameraFilter/Info.plist;
				LD_RUNPATH_SEARCH_PATHS = "$(inherited) @executable_path/Frameworks";
				MTL_ENABLE_DEBUG_INFO = NO;
				ONLY_ACTIVE_ARCH = YES;
				PRODUCT_BUNDLE_IDENTIFIER = com.vitaliy.CameraFilter;
				PRODUCT_NAME = "$(TARGET_NAME)";
				SWIFT_VERSION = 4.0;
				TARGETED_DEVICE_FAMILY = "1,2";
			};
			name = Release;
		};
/* End XCBuildConfiguration section */

/* Begin XCConfigurationList section */
		547501071FA63F7600D16ED1 /* Build configuration list for PBXProject "CameraFilter" */ = {
			isa = XCConfigurationList;
			buildConfigurations = (
				5475011C1FA63F7600D16ED1 /* Debug */,
				5475011D1FA63F7600D16ED1 /* Release */,
			);
			defaultConfigurationIsVisible = 0;
			defaultConfigurationName = Release;
		};
		5475011E1FA63F7600D16ED1 /* Build configuration list for PBXNativeTarget "CameraFilter" */ = {
			isa = XCConfigurationList;
			buildConfigurations = (
				5475011F1FA63F7600D16ED1 /* Debug */,
				547501201FA63F7600D16ED1 /* Release */,
			);
			defaultConfigurationIsVisible = 0;
			defaultConfigurationName = Release;
		};
/* End XCConfigurationList section */
	};
	rootObject = 547501041FA63F7600D16ED1 /* Project object */;
}
